
Microsoft Visual Studio Solution File, Format Version 12.00
# Visual Studio 15
VisualStudioVersion = 15.0.28307.757
MinimumVisualStudioVersion = 10.0.40219.1
Project("{9A19103F-16F7-4668-BE54-9A1E7A4F7556}") = "NUnit-0004-MedianTwoSortedArrays", "NUnitTestProject1\NUnit-0004-MedianTwoSortedArrays.csproj", "{0424157F-7F87-44C4-91E8-0E8614BD683B}"
EndProject
Global
	GlobalSection(SolutionConfigurationPlatforms) = preSolution
		Debug|Any CPU = Debug|Any CPU
		Release|Any CPU = Release|Any CPU
	EndGlobalSection
	GlobalSection(ProjectConfigurationPlatforms) = postSolution
		{0424157F-7F87-44C4-91E8-0E8614BD683B}.Debug|Any CPU.ActiveCfg = Debug|Any CPU
		{0424157F-7F87-44C4-91E8-0E8614BD683B}.Debug|Any CPU.Build.0 = Debug|Any CPU
		{0424157F-7F87-44C4-91E8-0E8614BD683B}.Release|Any CPU.ActiveCfg = Release|Any CPU
		{0424157F-7F87-44C4-91E8-0E8614BD683B}.Release|Any CPU.Build.0 = Release|Any CPU
	EndGlobalSection
	GlobalSection(SolutionProperties) = preSolution
		HideSolutionNode = FALSE
	EndGlobalSection
	GlobalSection(ExtensibilityGlobals) = postSolution
		SolutionGuid = {2C864725-42C5-41A2-A805-79CA9D248ACA}
	EndGlobalSection
EndGlobal
